
Microsoft Visual Studio Solution File, Format Version 12.00
# Visual Studio Version 17
VisualStudioVersion = 17.11.35219.272
MinimumVisualStudioVersion = 10.0.40219.1
Project("{FAE04EC0-301F-11D3-BF4B-00C04F79EFBC}") = "HW6", "HW6\HW6.csproj", "{AC614E40-CC05-4A38-B4D3-719C81B4018F}"
EndProject
Global
	GlobalSection(SolutionConfigurationPlatforms) = preSolution
		Debug|Any CPU = Debug|Any CPU
		Release|Any CPU = Release|Any CPU
	EndGlobalSection
	GlobalSection(ProjectConfigurationPlatforms) = postSolution
		{AC614E40-CC05-4A38-B4D3-719C81B4018F}.Debug|Any CPU.ActiveCfg = Debug|Any CPU
		{AC614E40-CC05-4A38-B4D3-719C81B4018F}.Debug|Any CPU.Build.0 = Debug|Any CPU
		{AC614E40-CC05-4A38-B4D3-719C81B4018F}.Release|Any CPU.ActiveCfg = Release|Any CPU
		{AC614E40-CC05-4A38-B4D3-719C81B4018F}.Release|Any CPU.Build.0 = Release|Any CPU
	EndGlobalSection
	GlobalSection(SolutionProperties) = preSolution
		HideSolutionNode = FALSE
	EndGlobalSection
	GlobalSection(ExtensibilityGlobals) = postSolution
		SolutionGuid = {CF1FFDEE-9BD4-447E-9E72-F097A1B74BE8}
	EndGlobalSection
EndGlobal
